// !$*UTF8*$!
{
	archiveVersion = 1;
	classes = {
	};
	objectVersion = 46;
	objects = {

/* Begin PBXBuildFile section */
		65423D571F3955B60038CCE4 /* RestaurantTableViewCell.swift in Sources */ = {isa = PBXBuildFile; fileRef = 65423D561F3955B60038CCE4 /* RestaurantTableViewCell.swift */; };
		65423D591F39D1330038CCE4 /* Location.swift in Sources */ = {isa = PBXBuildFile; fileRef = 65423D581F39D1330038CCE4 /* Location.swift */; };
		656BE4A11F4080160048769A /* RestaurantAnnotation.swift in Sources */ = {isa = PBXBuildFile; fileRef = 656BE4A01F4080160048769A /* RestaurantAnnotation.swift */; };
		656BE4A41F41569F0048769A /* RestaurantCalloutView.xib in Resources */ = {isa = PBXBuildFile; fileRef = 656BE4A31F41569F0048769A /* RestaurantCalloutView.xib */; };
		65AB00811F426E7200DE3DD9 /* Colors.swift in Sources */ = {isa = PBXBuildFile; fileRef = 65AB00801F426E7200DE3DD9 /* Colors.swift */; };
		65AB00831F447F5900DE3DD9 /* RestaurantDetailViewController.swift in Sources */ = {isa = PBXBuildFile; fileRef = 65AB00821F447F5900DE3DD9 /* RestaurantDetailViewController.swift */; };
		65AB00851F45575500DE3DD9 /* RestaurantAnnotationView.swift in Sources */ = {isa = PBXBuildFile; fileRef = 65AB00841F45575500DE3DD9 /* RestaurantAnnotationView.swift */; };
		65AB00871F45774D00DE3DD9 /* SplitViewController.swift in Sources */ = {isa = PBXBuildFile; fileRef = 65AB00861F45774D00DE3DD9 /* SplitViewController.swift */; };
		65ADFEE31F35AEC800CB0A45 /* AppDelegate.swift in Sources */ = {isa = PBXBuildFile; fileRef = 65ADFEE21F35AEC800CB0A45 /* AppDelegate.swift */; };
		65ADFEE51F35AEC800CB0A45 /* MasterViewController.swift in Sources */ = {isa = PBXBuildFile; fileRef = 65ADFEE41F35AEC800CB0A45 /* MasterViewController.swift */; };
		65ADFEE71F35AEC800CB0A45 /* DetailViewController.swift in Sources */ = {isa = PBXBuildFile; fileRef = 65ADFEE61F35AEC800CB0A45 /* DetailViewController.swift */; };
		65ADFEEA1F35AEC800CB0A45 /* Main.storyboard in Resources */ = {isa = PBXBuildFile; fileRef = 65ADFEE81F35AEC800CB0A45 /* Main.storyboard */; };
		65ADFEEC1F35AEC800CB0A45 /* Assets.xcassets in Resources */ = {isa = PBXBuildFile; fileRef = 65ADFEEB1F35AEC800CB0A45 /* Assets.xcassets */; };
		65ADFEEF1F35AEC800CB0A45 /* LaunchScreen.storyboard in Resources */ = {isa = PBXBuildFile; fileRef = 65ADFEED1F35AEC800CB0A45 /* LaunchScreen.storyboard */; };
		65ADFEFA1F35AEC800CB0A45 /* restaurant_locatorTests.swift in Sources */ = {isa = PBXBuildFile; fileRef = 65ADFEF91F35AEC800CB0A45 /* restaurant_locatorTests.swift */; };
		65ADFF061F35B04A00CB0A45 /* AddCategoryViewController.swift in Sources */ = {isa = PBXBuildFile; fileRef = 65ADFF051F35B04A00CB0A45 /* AddCategoryViewController.swift */; };
		65ADFF081F35B55000CB0A45 /* CategoryIconsCollectionViewCell.swift in Sources */ = {isa = PBXBuildFile; fileRef = 65ADFF071F35B55000CB0A45 /* CategoryIconsCollectionViewCell.swift */; };
		65ADFF101F36A7DF00CB0A45 /* CategoryTableViewCell.swift in Sources */ = {isa = PBXBuildFile; fileRef = 65ADFF0F1F36A7DF00CB0A45 /* CategoryTableViewCell.swift */; };
		65ADFF151F36BC0D00CB0A45 /* MapKit.framework in Frameworks */ = {isa = PBXBuildFile; fileRef = 65ADFF141F36BC0C00CB0A45 /* MapKit.framework */; };
		65ADFF171F36DEFE00CB0A45 /* CoreLocation.framework in Frameworks */ = {isa = PBXBuildFile; fileRef = 65ADFF161F36DEFE00CB0A45 /* CoreLocation.framework */; };
		65D039071F36E7FE0019A327 /* RestaurantTableViewController.swift in Sources */ = {isa = PBXBuildFile; fileRef = 65D039061F36E7FE0019A327 /* RestaurantTableViewController.swift */; };
		65D039091F36F8CC0019A327 /* AddRestaurantViewController.swift in Sources */ = {isa = PBXBuildFile; fileRef = 65D039081F36F8CC0019A327 /* AddRestaurantViewController.swift */; };
		65D79FCB1F4159DB00E377E9 /* RestaurantCalloutView.swift in Sources */ = {isa = PBXBuildFile; fileRef = 65D79FCA1F4159DB00E377E9 /* RestaurantCalloutView.swift */; };
		65D79FCD1F4166CB00E377E9 /* CoreData.framework in Frameworks */ = {isa = PBXBuildFile; fileRef = 65D79FCC1F4166CB00E377E9 /* CoreData.framework */; };
		65D79FD01F4166F200E377E9 /* restaurant.xcdatamodeld in Sources */ = {isa = PBXBuildFile; fileRef = 65D79FCE1F4166F200E377E9 /* restaurant.xcdatamodeld */; };
		65D7A0371F4175DC00E377E9 /* Category+CoreDataClass.swift in Sources */ = {isa = PBXBuildFile; fileRef = 65D7A0331F4175DC00E377E9 /* Category+CoreDataClass.swift */; };
		65D7A0381F4175DC00E377E9 /* Category+CoreDataProperties.swift in Sources */ = {isa = PBXBuildFile; fileRef = 65D7A0341F4175DC00E377E9 /* Category+CoreDataProperties.swift */; };
		65D7A0391F4175DC00E377E9 /* Restaurant+CoreDataClass.swift in Sources */ = {isa = PBXBuildFile; fileRef = 65D7A0351F4175DC00E377E9 /* Restaurant+CoreDataClass.swift */; };
		65D7A03A1F4175DC00E377E9 /* Restaurant+CoreDataProperties.swift in Sources */ = {isa = PBXBuildFile; fileRef = 65D7A0361F4175DC00E377E9 /* Restaurant+CoreDataProperties.swift */; };
		65D7A03C1F41881A00E377E9 /* Data.swift in Sources */ = {isa = PBXBuildFile; fileRef = 65D7A03B1F41881A00E377E9 /* Data.swift */; };
		C79CE0312BC905BBEF520CDB /* Pods_restaurant_locator.framework in Frameworks */ = {isa = PBXBuildFile; fileRef = F2A3C0827F360385DC8D5778 /* Pods_restaurant_locator.framework */; };
/* End PBXBuildFile section */

/* Begin PBXContainerItemProxy section */
		65ADFEF61F35AEC800CB0A45 /* PBXContainerItemProxy */ = {
			isa = PBXContainerItemProxy;
			containerPortal = 65ADFED71F35AEC800CB0A45 /* Project object */;
			proxyType = 1;
			remoteGlobalIDString = 65ADFEDE1F35AEC800CB0A45;
			remoteInfo = "restaurant-locator";
		};
/* End PBXContainerItemProxy section */

/* Begin PBXFileReference section */
		4BE5EAC9D6C761BFE873BA2D /* Pods-restaurant-locator.debug.xcconfig */ = {isa = PBXFileReference; includeInIndex = 1; lastKnownFileType = text.xcconfig; name = "Pods-restaurant-locator.debug.xcconfig"; path = "Pods/Target Support Files/Pods-restaurant-locator/Pods-restaurant-locator.debug.xcconfig"; sourceTree = "<group>"; };
		65423D561F3955B60038CCE4 /* RestaurantTableViewCell.swift */ = {isa = PBXFileReference; fileEncoding = 4; lastKnownFileType = sourcecode.swift; name = RestaurantTableViewCell.swift; path = Cells/RestaurantTableViewCell.swift; sourceTree = "<group>"; };
		65423D581F39D1330038CCE4 /* Location.swift */ = {isa = PBXFileReference; fileEncoding = 4; lastKnownFileType = sourcecode.swift; path = Location.swift; sourceTree = "<group>"; };
		656BE4A01F4080160048769A /* RestaurantAnnotation.swift */ = {isa = PBXFileReference; fileEncoding = 4; lastKnownFileType = sourcecode.swift; path = RestaurantAnnotation.swift; sourceTree = "<group>"; };
		656BE4A31F41569F0048769A /* RestaurantCalloutView.xib */ = {isa = PBXFileReference; fileEncoding = 4; lastKnownFileType = file.xib; name = RestaurantCalloutView.xib; path = Map/RestaurantCalloutView.xib; sourceTree = "<group>"; };
		65AB00801F426E7200DE3DD9 /* Colors.swift */ = {isa = PBXFileReference; fileEncoding = 4; lastKnownFileType = sourcecode.swift; path = Colors.swift; sourceTree = "<group>"; };
		65AB00821F447F5900DE3DD9 /* RestaurantDetailViewController.swift */ = {isa = PBXFileReference; fileEncoding = 4; lastKnownFileType = sourcecode.swift; name = RestaurantDetailViewController.swift; path = ViewControllers/RestaurantDetailViewController.swift; sourceTree = "<group>"; };
		65AB00841F45575500DE3DD9 /* RestaurantAnnotationView.swift */ = {isa = PBXFileReference; fileEncoding = 4; lastKnownFileType = sourcecode.swift; name = RestaurantAnnotationView.swift; path = Map/RestaurantAnnotationView.swift; sourceTree = "<group>"; };
		65AB00861F45774D00DE3DD9 /* SplitViewController.swift */ = {isa = PBXFileReference; fileEncoding = 4; lastKnownFileType = sourcecode.swift; name = SplitViewController.swift; path = ViewControllers/SplitViewController.swift; sourceTree = "<group>"; };
		65ADFEDF1F35AEC800CB0A45 /* restaurant-locator.app */ = {isa = PBXFileReference; explicitFileType = wrapper.application; includeInIndex = 0; path = "restaurant-locator.app"; sourceTree = BUILT_PRODUCTS_DIR; };
		65ADFEE21F35AEC800CB0A45 /* AppDelegate.swift */ = {isa = PBXFileReference; lastKnownFileType = sourcecode.swift; path = AppDelegate.swift; sourceTree = "<group>"; };
		65ADFEE41F35AEC800CB0A45 /* MasterViewController.swift */ = {isa = PBXFileReference; lastKnownFileType = sourcecode.swift; path = MasterViewController.swift; sourceTree = "<group>"; };
		65ADFEE61F35AEC800CB0A45 /* DetailViewController.swift */ = {isa = PBXFileReference; lastKnownFileType = sourcecode.swift; path = DetailViewController.swift; sourceTree = "<group>"; };
		65ADFEE91F35AEC800CB0A45 /* Base */ = {isa = PBXFileReference; lastKnownFileType = file.storyboard; name = Base; path = Base.lproj/Main.storyboard; sourceTree = "<group>"; };
		65ADFEEB1F35AEC800CB0A45 /* Assets.xcassets */ = {isa = PBXFileReference; lastKnownFileType = folder.assetcatalog; path = Assets.xcassets; sourceTree = "<group>"; };
		65ADFEEE1F35AEC800CB0A45 /* Base */ = {isa = PBXFileReference; lastKnownFileType = file.storyboard; name = Base; path = Base.lproj/LaunchScreen.storyboard; sourceTree = "<group>"; };
		65ADFEF01F35AEC800CB0A45 /* Info.plist */ = {isa = PBXFileReference; lastKnownFileType = text.plist.xml; path = Info.plist; sourceTree = "<group>"; };
		65ADFEF51F35AEC800CB0A45 /* restaurant-locatorTests.xctest */ = {isa = PBXFileReference; explicitFileType = wrapper.cfbundle; includeInIndex = 0; path = "restaurant-locatorTests.xctest"; sourceTree = BUILT_PRODUCTS_DIR; };
		65ADFEF91F35AEC800CB0A45 /* restaurant_locatorTests.swift */ = {isa = PBXFileReference; lastKnownFileType = sourcecode.swift; path = restaurant_locatorTests.swift; sourceTree = "<group>"; };
		65ADFEFB1F35AEC800CB0A45 /* Info.plist */ = {isa = PBXFileReference; lastKnownFileType = text.plist.xml; path = Info.plist; sourceTree = "<group>"; };
		65ADFF051F35B04A00CB0A45 /* AddCategoryViewController.swift */ = {isa = PBXFileReference; fileEncoding = 4; lastKnownFileType = sourcecode.swift; name = AddCategoryViewController.swift; path = ViewControllers/AddCategoryViewController.swift; sourceTree = "<group>"; };
		65ADFF071F35B55000CB0A45 /* CategoryIconsCollectionViewCell.swift */ = {isa = PBXFileReference; fileEncoding = 4; lastKnownFileType = sourcecode.swift; name = CategoryIconsCollectionViewCell.swift; path = ViewControllers/CategoryIconsCollectionViewCell.swift; sourceTree = "<group>"; };
		65ADFF0F1F36A7DF00CB0A45 /* CategoryTableViewCell.swift */ = {isa = PBXFileReference; fileEncoding = 4; lastKnownFileType = sourcecode.swift; name = CategoryTableViewCell.swift; path = ViewControllers/CategoryTableViewCell.swift; sourceTree = "<group>"; };
		65ADFF141F36BC0C00CB0A45 /* MapKit.framework */ = {isa = PBXFileReference; lastKnownFileType = wrapper.framework; name = MapKit.framework; path = System/Library/Frameworks/MapKit.framework; sourceTree = SDKROOT; };
		65ADFF161F36DEFE00CB0A45 /* CoreLocation.framework */ = {isa = PBXFileReference; lastKnownFileType = wrapper.framework; name = CoreLocation.framework; path = System/Library/Frameworks/CoreLocation.framework; sourceTree = SDKROOT; };
		65D039061F36E7FE0019A327 /* RestaurantTableViewController.swift */ = {isa = PBXFileReference; fileEncoding = 4; lastKnownFileType = sourcecode.swift; name = RestaurantTableViewController.swift; path = ViewControllers/RestaurantTableViewController.swift; sourceTree = "<group>"; };
		65D039081F36F8CC0019A327 /* AddRestaurantViewController.swift */ = {isa = PBXFileReference; fileEncoding = 4; lastKnownFileType = sourcecode.swift; name = AddRestaurantViewController.swift; path = ViewControllers/AddRestaurantViewController.swift; sourceTree = "<group>"; };
		65D79FCA1F4159DB00E377E9 /* RestaurantCalloutView.swift */ = {isa = PBXFileReference; fileEncoding = 4; lastKnownFileType = sourcecode.swift; name = RestaurantCalloutView.swift; path = Map/RestaurantCalloutView.swift; sourceTree = "<group>"; };
		65D79FCC1F4166CB00E377E9 /* CoreData.framework */ = {isa = PBXFileReference; lastKnownFileType = wrapper.framework; name = CoreData.framework; path = System/Library/Frameworks/CoreData.framework; sourceTree = SDKROOT; };
		65D79FCF1F4166F200E377E9 /* restaurant.xcdatamodel */ = {isa = PBXFileReference; lastKnownFileType = wrapper.xcdatamodel; path = restaurant.xcdatamodel; sourceTree = "<group>"; };
		65D7A0331F4175DC00E377E9 /* Category+CoreDataClass.swift */ = {isa = PBXFileReference; fileEncoding = 4; lastKnownFileType = sourcecode.swift; name = "Category+CoreDataClass.swift"; path = "Entities/Category+CoreDataClass.swift"; sourceTree = "<group>"; };
		65D7A0341F4175DC00E377E9 /* Category+CoreDataProperties.swift */ = {isa = PBXFileReference; fileEncoding = 4; lastKnownFileType = sourcecode.swift; name = "Category+CoreDataProperties.swift"; path = "Entities/Category+CoreDataProperties.swift"; sourceTree = "<group>"; };
		65D7A0351F4175DC00E377E9 /* Restaurant+CoreDataClass.swift */ = {isa = PBXFileReference; fileEncoding = 4; lastKnownFileType = sourcecode.swift; name = "Restaurant+CoreDataClass.swift"; path = "Entities/Restaurant+CoreDataClass.swift"; sourceTree = "<group>"; };
		65D7A0361F4175DC00E377E9 /* Restaurant+CoreDataProperties.swift */ = {isa = PBXFileReference; fileEncoding = 4; lastKnownFileType = sourcecode.swift; name = "Restaurant+CoreDataProperties.swift"; path = "Entities/Restaurant+CoreDataProperties.swift"; sourceTree = "<group>"; };
		65D7A03B1F41881A00E377E9 /* Data.swift */ = {isa = PBXFileReference; fileEncoding = 4; lastKnownFileType = sourcecode.swift; name = Data.swift; path = Entities/Data.swift; sourceTree = "<group>"; };
		DB3DAB1A65DE1C8F40F38FE1 /* Pods-restaurant-locator.release.xcconfig */ = {isa = PBXFileReference; includeInIndex = 1; lastKnownFileType = text.xcconfig; name = "Pods-restaurant-locator.release.xcconfig"; path = "Pods/Target Support Files/Pods-restaurant-locator/Pods-restaurant-locator.release.xcconfig"; sourceTree = "<group>"; };
		F2A3C0827F360385DC8D5778 /* Pods_restaurant_locator.framework */ = {isa = PBXFileReference; explicitFileType = wrapper.framework; includeInIndex = 0; path = Pods_restaurant_locator.framework; sourceTree = BUILT_PRODUCTS_DIR; };
/* End PBXFileReference section */

/* Begin PBXFrameworksBuildPhase section */
		65ADFEDC1F35AEC800CB0A45 /* Frameworks */ = {
			isa = PBXFrameworksBuildPhase;
			buildActionMask = 2147483647;
			files = (
				65D79FCD1F4166CB00E377E9 /* CoreData.framework in Frameworks */,
				65ADFF171F36DEFE00CB0A45 /* CoreLocation.framework in Frameworks */,
				65ADFF151F36BC0D00CB0A45 /* MapKit.framework in Frameworks */,
				C79CE0312BC905BBEF520CDB /* Pods_restaurant_locator.framework in Frameworks */,
			);
			runOnlyForDeploymentPostprocessing = 0;
		};
		65ADFEF21F35AEC800CB0A45 /* Frameworks */ = {
			isa = PBXFrameworksBuildPhase;
			buildActionMask = 2147483647;
			files = (
			);
			runOnlyForDeploymentPostprocessing = 0;
		};
/* End PBXFrameworksBuildPhase section */

/* Begin PBXGroup section */
		65423D541F3950510038CCE4 /* Entities */ = {
			isa = PBXGroup;
			children = (
				65D7A0331F4175DC00E377E9 /* Category+CoreDataClass.swift */,
				65D7A0341F4175DC00E377E9 /* Category+CoreDataProperties.swift */,
				65D7A0351F4175DC00E377E9 /* Restaurant+CoreDataClass.swift */,
				65D7A0361F4175DC00E377E9 /* Restaurant+CoreDataProperties.swift */,
				65D7A03B1F41881A00E377E9 /* Data.swift */,
			);
			name = Entities;
			sourceTree = "<group>";
		};
		65423D551F3955800038CCE4 /* Cells */ = {
			isa = PBXGroup;
			children = (
				65ADFF0F1F36A7DF00CB0A45 /* CategoryTableViewCell.swift */,
				65ADFF071F35B55000CB0A45 /* CategoryIconsCollectionViewCell.swift */,
				65423D561F3955B60038CCE4 /* RestaurantTableViewCell.swift */,
			);
			name = Cells;
			sourceTree = "<group>";
		};
		656BE4A21F41565C0048769A /* Map */ = {
			isa = PBXGroup;
			children = (
				656BE4A01F4080160048769A /* RestaurantAnnotation.swift */,
				656BE4A31F41569F0048769A /* RestaurantCalloutView.xib */,
				65D79FCA1F4159DB00E377E9 /* RestaurantCalloutView.swift */,
				65AB00841F45575500DE3DD9 /* RestaurantAnnotationView.swift */,
			);
			name = Map;
			sourceTree = "<group>";
		};
		65ADFED61F35AEC800CB0A45 = {
			isa = PBXGroup;
			children = (
				65ADFEE11F35AEC800CB0A45 /* restaurant-locator */,
				65ADFEF81F35AEC800CB0A45 /* restaurant-locatorTests */,
				65ADFEE01F35AEC800CB0A45 /* Products */,
				65ADFF111F36BC0B00CB0A45 /* Frameworks */,
				A9FE8C9F1C5C08849479F6DD /* Pods */,
			);
			sourceTree = "<group>";
		};
		65ADFEE01F35AEC800CB0A45 /* Products */ = {
			isa = PBXGroup;
			children = (
				65ADFEDF1F35AEC800CB0A45 /* restaurant-locator.app */,
				65ADFEF51F35AEC800CB0A45 /* restaurant-locatorTests.xctest */,
			);
			name = Products;
			sourceTree = "<group>";
		};
		65ADFEE11F35AEC800CB0A45 /* restaurant-locator */ = {
			isa = PBXGroup;
			children = (
				656BE4A21F41565C0048769A /* Map */,
				65423D551F3955800038CCE4 /* Cells */,
				65423D541F3950510038CCE4 /* Entities */,
				65ADFF041F35B02600CB0A45 /* ViewControllers */,
				65ADFEE21F35AEC800CB0A45 /* AppDelegate.swift */,
				65ADFEE81F35AEC800CB0A45 /* Main.storyboard */,
				65ADFEEB1F35AEC800CB0A45 /* Assets.xcassets */,
				65ADFEED1F35AEC800CB0A45 /* LaunchScreen.storyboard */,
				65ADFEF01F35AEC800CB0A45 /* Info.plist */,
				65423D581F39D1330038CCE4 /* Location.swift */,
				65D79FCE1F4166F200E377E9 /* restaurant.xcdatamodeld */,
				65AB00801F426E7200DE3DD9 /* Colors.swift */,
			);
			path = "restaurant-locator";
			sourceTree = "<group>";
		};
		65ADFEF81F35AEC800CB0A45 /* restaurant-locatorTests */ = {
			isa = PBXGroup;
			children = (
				65ADFEF91F35AEC800CB0A45 /* restaurant_locatorTests.swift */,
				65ADFEFB1F35AEC800CB0A45 /* Info.plist */,
			);
			path = "restaurant-locatorTests";
			sourceTree = "<group>";
		};
		65ADFF041F35B02600CB0A45 /* ViewControllers */ = {
			isa = PBXGroup;
			children = (
				65ADFEE61F35AEC800CB0A45 /* DetailViewController.swift */,
				65ADFEE41F35AEC800CB0A45 /* MasterViewController.swift */,
				65ADFF051F35B04A00CB0A45 /* AddCategoryViewController.swift */,
				65D039061F36E7FE0019A327 /* RestaurantTableViewController.swift */,
				65D039081F36F8CC0019A327 /* AddRestaurantViewController.swift */,
				65AB00821F447F5900DE3DD9 /* RestaurantDetailViewController.swift */,
				65AB00861F45774D00DE3DD9 /* SplitViewController.swift */,
			);
			name = ViewControllers;
			sourceTree = "<group>";
		};
		65ADFF111F36BC0B00CB0A45 /* Frameworks */ = {
			isa = PBXGroup;
			children = (
				65D79FCC1F4166CB00E377E9 /* CoreData.framework */,
				65ADFF161F36DEFE00CB0A45 /* CoreLocation.framework */,
				65ADFF141F36BC0C00CB0A45 /* MapKit.framework */,
				F2A3C0827F360385DC8D5778 /* Pods_restaurant_locator.framework */,
			);
			name = Frameworks;
			sourceTree = "<group>";
		};
		A9FE8C9F1C5C08849479F6DD /* Pods */ = {
			isa = PBXGroup;
			children = (
				4BE5EAC9D6C761BFE873BA2D /* Pods-restaurant-locator.debug.xcconfig */,
				DB3DAB1A65DE1C8F40F38FE1 /* Pods-restaurant-locator.release.xcconfig */,
			);
			name = Pods;
			sourceTree = "<group>";
		};
/* End PBXGroup section */

/* Begin PBXNativeTarget section */
		65ADFEDE1F35AEC800CB0A45 /* restaurant-locator */ = {
			isa = PBXNativeTarget;
			buildConfigurationList = 65ADFEFE1F35AEC800CB0A45 /* Build configuration list for PBXNativeTarget "restaurant-locator" */;
			buildPhases = (
				6AA8AF8C5441827A3BF09BBC /* [CP] Check Pods Manifest.lock */,
				65ADFEDB1F35AEC800CB0A45 /* Sources */,
				65ADFEDC1F35AEC800CB0A45 /* Frameworks */,
				65ADFEDD1F35AEC800CB0A45 /* Resources */,
				75877FAF6AD7FBD9FA68B3EA /* [CP] Embed Pods Frameworks */,
				2B5309B2D0A9B68C7692A764 /* [CP] Copy Pods Resources */,
			);
			buildRules = (
			);
			dependencies = (
			);
			name = "restaurant-locator";
			productName = "restaurant-locator";
			productReference = 65ADFEDF1F35AEC800CB0A45 /* restaurant-locator.app */;
			productType = "com.apple.product-type.application";
		};
		65ADFEF41F35AEC800CB0A45 /* restaurant-locatorTests */ = {
			isa = PBXNativeTarget;
			buildConfigurationList = 65ADFF011F35AEC800CB0A45 /* Build configuration list for PBXNativeTarget "restaurant-locatorTests" */;
			buildPhases = (
				65ADFEF11F35AEC800CB0A45 /* Sources */,
				65ADFEF21F35AEC800CB0A45 /* Frameworks */,
				65ADFEF31F35AEC800CB0A45 /* Resources */,
			);
			buildRules = (
			);
			dependencies = (
				65ADFEF71F35AEC800CB0A45 /* PBXTargetDependency */,
			);
			name = "restaurant-locatorTests";
			productName = "restaurant-locatorTests";
			productReference = 65ADFEF51F35AEC800CB0A45 /* restaurant-locatorTests.xctest */;
			productType = "com.apple.product-type.bundle.unit-test";
		};
/* End PBXNativeTarget section */

/* Begin PBXProject section */
		65ADFED71F35AEC800CB0A45 /* Project object */ = {
			isa = PBXProject;
			attributes = {
				LastSwiftUpdateCheck = 0830;
				LastUpgradeCheck = 0830;
				ORGANIZATIONNAME = "YINGCHEN LIU";
				TargetAttributes = {
					65ADFEDE1F35AEC800CB0A45 = {
						CreatedOnToolsVersion = 8.3.3;
						DevelopmentTeam = DPWDASQ472;
						ProvisioningStyle = Automatic;
						SystemCapabilities = {
							com.apple.Maps.iOS = {
								enabled = 1;
							};
						};
					};
					65ADFEF41F35AEC800CB0A45 = {
						CreatedOnToolsVersion = 8.3.3;
						DevelopmentTeam = DPWDASQ472;
						ProvisioningStyle = Automatic;
						TestTargetID = 65ADFEDE1F35AEC800CB0A45;
					};
				};
			};
			buildConfigurationList = 65ADFEDA1F35AEC800CB0A45 /* Build configuration list for PBXProject "restaurant-locator" */;
			compatibilityVersion = "Xcode 3.2";
			developmentRegion = English;
			hasScannedForEncodings = 0;
			knownRegions = (
				en,
				Base,
			);
			mainGroup = 65ADFED61F35AEC800CB0A45;
			productRefGroup = 65ADFEE01F35AEC800CB0A45 /* Products */;
			projectDirPath = "";
			projectRoot = "";
			targets = (
				65ADFEDE1F35AEC800CB0A45 /* restaurant-locator */,
				65ADFEF41F35AEC800CB0A45 /* restaurant-locatorTests */,
			);
		};
/* End PBXProject section */

/* Begin PBXResourcesBuildPhase section */
		65ADFEDD1F35AEC800CB0A45 /* Resources */ = {
			isa = PBXResourcesBuildPhase;
			buildActionMask = 2147483647;
			files = (
				65ADFEEF1F35AEC800CB0A45 /* LaunchScreen.storyboard in Resources */,
				65ADFEEC1F35AEC800CB0A45 /* Assets.xcassets in Resources */,
				656BE4A41F41569F0048769A /* RestaurantCalloutView.xib in Resources */,
				65ADFEEA1F35AEC800CB0A45 /* Main.storyboard in Resources */,
			);
			runOnlyForDeploymentPostprocessing = 0;
		};
		65ADFEF31F35AEC800CB0A45 /* Resources */ = {
			isa = PBXResourcesBuildPhase;
			buildActionMask = 2147483647;
			files = (
			);
			runOnlyForDeploymentPostprocessing = 0;
		};
/* End PBXResourcesBuildPhase section */

/* Begin PBXShellScriptBuildPhase section */
		2B5309B2D0A9B68C7692A764 /* [CP] Copy Pods Resources */ = {
			isa = PBXShellScriptBuildPhase;
			buildActionMask = 2147483647;
			files = (
			);
			inputPaths = (
			);
			name = "[CP] Copy Pods Resources";
			outputPaths = (
			);
			runOnlyForDeploymentPostprocessing = 0;
			shellPath = /bin/sh;
			shellScript = "\"${SRCROOT}/Pods/Target Support Files/Pods-restaurant-locator/Pods-restaurant-locator-resources.sh\"\n";
			showEnvVarsInLog = 0;
		};
		6AA8AF8C5441827A3BF09BBC /* [CP] Check Pods Manifest.lock */ = {
			isa = PBXShellScriptBuildPhase;
			buildActionMask = 2147483647;
			files = (
			);
			inputPaths = (
				"${PODS_PODFILE_DIR_PATH}/Podfile.lock",
				"${PODS_ROOT}/Manifest.lock",
			);
			name = "[CP] Check Pods Manifest.lock";
			outputPaths = (
				"$(DERIVED_FILE_DIR)/Pods-restaurant-locator-checkManifestLockResult.txt",
			);
			runOnlyForDeploymentPostprocessing = 0;
			shellPath = /bin/sh;
			shellScript = "diff \"${PODS_PODFILE_DIR_PATH}/Podfile.lock\" \"${PODS_ROOT}/Manifest.lock\" > /dev/null\nif [ $? != 0 ] ; then\n    # print error to STDERR\n    echo \"error: The sandbox is not in sync with the Podfile.lock. Run 'pod install' or update your CocoaPods installation.\" >&2\n    exit 1\nfi\n# This output is used by Xcode 'outputs' to avoid re-running this script phase.\necho \"SUCCESS\" > \"${SCRIPT_OUTPUT_FILE_0}\"\n";
			showEnvVarsInLog = 0;
		};
		75877FAF6AD7FBD9FA68B3EA /* [CP] Embed Pods Frameworks */ = {
			isa = PBXShellScriptBuildPhase;
			buildActionMask = 2147483647;
			files = (
			);
			inputPaths = (
				"${SRCROOT}/Pods/Target Support Files/Pods-restaurant-locator/Pods-restaurant-locator-frameworks.sh",
				"${BUILT_PRODUCTS_DIR}/Alamofire/Alamofire.framework",
				"${BUILT_PRODUCTS_DIR}/Cosmos/Cosmos.framework",
				"${BUILT_PRODUCTS_DIR}/SearchTextField/SearchTextField.framework",
				"${BUILT_PRODUCTS_DIR}/SwiftValidator/SwiftValidator.framework",
				"${BUILT_PRODUCTS_DIR}/SwiftyJSON/SwiftyJSON.framework",
			);
			name = "[CP] Embed Pods Frameworks";
			outputPaths = (
				"${TARGET_BUILD_DIR}/${FRAMEWORKS_FOLDER_PATH}/Alamofire.framework",
				"${TARGET_BUILD_DIR}/${FRAMEWORKS_FOLDER_PATH}/Cosmos.framework",
				"${TARGET_BUILD_DIR}/${FRAMEWORKS_FOLDER_PATH}/SearchTextField.framework",
				"${TARGET_BUILD_DIR}/${FRAMEWORKS_FOLDER_PATH}/SwiftValidator.framework",
				"${TARGET_BUILD_DIR}/${FRAMEWORKS_FOLDER_PATH}/SwiftyJSON.framework",
			);
			runOnlyForDeploymentPostprocessing = 0;
			shellPath = /bin/sh;
			shellScript = "\"${SRCROOT}/Pods/Target Support Files/Pods-restaurant-locator/Pods-restaurant-locator-frameworks.sh\"\n";
			showEnvVarsInLog = 0;
		};
/* End PBXShellScriptBuildPhase section */

/* Begin PBXSourcesBuildPhase section */
		65ADFEDB1F35AEC800CB0A45 /* Sources */ = {
			isa = PBXSourcesBuildPhase;
			buildActionMask = 2147483647;
			files = (
				65ADFF061F35B04A00CB0A45 /* AddCategoryViewController.swift in Sources */,
				65ADFEE71F35AEC800CB0A45 /* DetailViewController.swift in Sources */,
				65D7A0391F4175DC00E377E9 /* Restaurant+CoreDataClass.swift in Sources */,
				65D039071F36E7FE0019A327 /* RestaurantTableViewController.swift in Sources */,
				65ADFEE51F35AEC800CB0A45 /* MasterViewController.swift in Sources */,
				65ADFEE31F35AEC800CB0A45 /* AppDelegate.swift in Sources */,
				65AB00851F45575500DE3DD9 /* RestaurantAnnotationView.swift in Sources */,
				65AB00831F447F5900DE3DD9 /* RestaurantDetailViewController.swift in Sources */,
				65D79FD01F4166F200E377E9 /* restaurant.xcdatamodeld in Sources */,
				65ADFF081F35B55000CB0A45 /* CategoryIconsCollectionViewCell.swift in Sources */,
				65D7A0371F4175DC00E377E9 /* Category+CoreDataClass.swift in Sources */,
				65423D591F39D1330038CCE4 /* Location.swift in Sources */,
				65AB00811F426E7200DE3DD9 /* Colors.swift in Sources */,
				65D039091F36F8CC0019A327 /* AddRestaurantViewController.swift in Sources */,
				656BE4A11F4080160048769A /* RestaurantAnnotation.swift in Sources */,
				65D7A0381F4175DC00E377E9 /* Category+CoreDataProperties.swift in Sources */,
				65D7A03C1F41881A00E377E9 /* Data.swift in Sources */,
				65423D571F3955B60038CCE4 /* RestaurantTableViewCell.swift in Sources */,
				65D7A03A1F4175DC00E377E9 /* Restaurant+CoreDataProperties.swift in Sources */,
				65D79FCB1F4159DB00E377E9 /* RestaurantCalloutView.swift in Sources */,
				65ADFF101F36A7DF00CB0A45 /* CategoryTableViewCell.swift in Sources */,
				65AB00871F45774D00DE3DD9 /* SplitViewController.swift in Sources */,
			);
			runOnlyForDeploymentPostprocessing = 0;
		};
		65ADFEF11F35AEC800CB0A45 /* Sources */ = {
			isa = PBXSourcesBuildPhase;
			buildActionMask = 2147483647;
			files = (
				65ADFEFA1F35AEC800CB0A45 /* restaurant_locatorTests.swift in Sources */,
			);
			runOnlyForDeploymentPostprocessing = 0;
		};
/* End PBXSourcesBuildPhase section */

/* Begin PBXTargetDependency section */
		65ADFEF71F35AEC800CB0A45 /* PBXTargetDependency */ = {
			isa = PBXTargetDependency;
			target = 65ADFEDE1F35AEC800CB0A45 /* restaurant-locator */;
			targetProxy = 65ADFEF61F35AEC800CB0A45 /* PBXContainerItemProxy */;
		};
/* End PBXTargetDependency section */

/* Begin PBXVariantGroup section */
		65ADFEE81F35AEC800CB0A45 /* Main.storyboard */ = {
			isa = PBXVariantGroup;
			children = (
				65ADFEE91F35AEC800CB0A45 /* Base */,
			);
			name = Main.storyboard;
			sourceTree = "<group>";
		};
		65ADFEED1F35AEC800CB0A45 /* LaunchScreen.storyboard */ = {
			isa = PBXVariantGroup;
			children = (
				65ADFEEE1F35AEC800CB0A45 /* Base */,
			);
			name = LaunchScreen.storyboard;
			sourceTree = "<group>";
		};
/* End PBXVariantGroup section */

/* Begin XCBuildConfiguration section */
		65ADFEFC1F35AEC800CB0A45 /* Debug */ = {
			isa = XCBuildConfiguration;
			buildSettings = {
				ALWAYS_SEARCH_USER_PATHS = NO;
				CLANG_ANALYZER_NONNULL = YES;
				CLANG_ANALYZER_NUMBER_OBJECT_CONVERSION = YES_AGGRESSIVE;
				CLANG_CXX_LANGUAGE_STANDARD = "gnu++0x";
				CLANG_CXX_LIBRARY = "libc++";
				CLANG_ENABLE_MODULES = YES;
				CLANG_ENABLE_OBJC_ARC = YES;
				CLANG_WARN_BOOL_CONVERSION = YES;
				CLANG_WARN_CONSTANT_CONVERSION = YES;
				CLANG_WARN_DIRECT_OBJC_ISA_USAGE = YES_ERROR;
				CLANG_WARN_DOCUMENTATION_COMMENTS = YES;
				CLANG_WARN_EMPTY_BODY = YES;
				CLANG_WARN_ENUM_CONVERSION = YES;
				CLANG_WARN_INFINITE_RECURSION = YES;
				CLANG_WARN_INT_CONVERSION = YES;
				CLANG_WARN_OBJC_ROOT_CLASS = YES_ERROR;
				CLANG_WARN_SUSPICIOUS_MOVE = YES;
				CLANG_WARN_UNREACHABLE_CODE = YES;
				CLANG_WARN__DUPLICATE_METHOD_MATCH = YES;
				"CODE_SIGN_IDENTITY[sdk=iphoneos*]" = "iPhone Developer";
				COPY_PHASE_STRIP = NO;
				DEBUG_INFORMATION_FORMAT = dwarf;
				ENABLE_STRICT_OBJC_MSGSEND = YES;
				ENABLE_TESTABILITY = YES;
				GCC_C_LANGUAGE_STANDARD = gnu99;
				GCC_DYNAMIC_NO_PIC = NO;
				GCC_NO_COMMON_BLOCKS = YES;
				GCC_OPTIMIZATION_LEVEL = 0;
				GCC_PREPROCESSOR_DEFINITIONS = (
					"DEBUG=1",
					"$(inherited)",
				);
				GCC_WARN_64_TO_32_BIT_CONVERSION = YES;
				GCC_WARN_ABOUT_RETURN_TYPE = YES_ERROR;
				GCC_WARN_UNDECLARED_SELECTOR = YES;
				GCC_WARN_UNINITIALIZED_AUTOS = YES_AGGRESSIVE;
				GCC_WARN_UNUSED_FUNCTION = YES;
				GCC_WARN_UNUSED_VARIABLE = YES;
				IPHONEOS_DEPLOYMENT_TARGET = 10.3;
				MTL_ENABLE_DEBUG_INFO = YES;
				ONLY_ACTIVE_ARCH = YES;
				SDKROOT = iphoneos;
				SWIFT_ACTIVE_COMPILATION_CONDITIONS = DEBUG;
				SWIFT_OPTIMIZATION_LEVEL = "-Onone";
				TARGETED_DEVICE_FAMILY = "1,2";
			};
			name = Debug;
		};
		65ADFEFD1F35AEC800CB0A45 /* Release */ = {
			isa = XCBuildConfiguration;
			buildSettings = {
				ALWAYS_SEARCH_USER_PATHS = NO;
				CLANG_ANALYZER_NONNULL = YES;
				CLANG_ANALYZER_NUMBER_OBJECT_CONVERSION = YES_AGGRESSIVE;
				CLANG_CXX_LANGUAGE_STANDARD = "gnu++0x";
				CLANG_CXX_LIBRARY = "libc++";
				CLANG_ENABLE_MODULES = YES;
				CLANG_ENABLE_OBJC_ARC = YES;
				CLANG_WARN_BOOL_CONVERSION = YES;
				CLANG_WARN_CONSTANT_CONVERSION = YES;
				CLANG_WARN_DIRECT_OBJC_ISA_USAGE = YES_ERROR;
				CLANG_WARN_DOCUMENTATION_COMMENTS = YES;
				CLANG_WARN_EMPTY_BODY = YES;
				CLANG_WARN_ENUM_CONVERSION = YES;
				CLANG_WARN_INFINITE_RECURSION = YES;
				CLANG_WARN_INT_CONVERSION = YES;
				CLANG_WARN_OBJC_ROOT_CLASS = YES_ERROR;
				CLANG_WARN_SUSPICIOUS_MOVE = YES;
				CLANG_WARN_UNREACHABLE_CODE = YES;
				CLANG_WARN__DUPLICATE_METHOD_MATCH = YES;
				"CODE_SIGN_IDENTITY[sdk=iphoneos*]" = "iPhone Developer";
				COPY_PHASE_STRIP = NO;
				DEBUG_INFORMATION_FORMAT = "dwarf-with-dsym";
				ENABLE_NS_ASSERTIONS = NO;
				ENABLE_STRICT_OBJC_MSGSEND = YES;
				GCC_C_LANGUAGE_STANDARD = gnu99;
				GCC_NO_COMMON_BLOCKS = YES;
				GCC_WARN_64_TO_32_BIT_CONVERSION = YES;
				GCC_WARN_ABOUT_RETURN_TYPE = YES_ERROR;
				GCC_WARN_UNDECLARED_SELECTOR = YES;
				GCC_WARN_UNINITIALIZED_AUTOS = YES_AGGRESSIVE;
				GCC_WARN_UNUSED_FUNCTION = YES;
				GCC_WARN_UNUSED_VARIABLE = YES;
				IPHONEOS_DEPLOYMENT_TARGET = 10.3;
				MTL_ENABLE_DEBUG_INFO = NO;
				SDKROOT = iphoneos;
				SWIFT_OPTIMIZATION_LEVEL = "-Owholemodule";
				TARGETED_DEVICE_FAMILY = "1,2";
				VALIDATE_PRODUCT = YES;
			};
			name = Release;
		};
		65ADFEFF1F35AEC800CB0A45 /* Debug */ = {
			isa = XCBuildConfiguration;
			baseConfigurationReference = 4BE5EAC9D6C761BFE873BA2D /* Pods-restaurant-locator.debug.xcconfig */;
			buildSettings = {
				ASSETCATALOG_COMPILER_APPICON_NAME = AppIcon;
				DEVELOPMENT_TEAM = DPWDASQ472;
				INFOPLIST_FILE = "restaurant-locator/Info.plist";
				IPHONEOS_DEPLOYMENT_TARGET = 10.0;
				LD_RUNPATH_SEARCH_PATHS = "$(inherited) @executable_path/Frameworks";
				PRODUCT_BUNDLE_IDENTIFIER = "in.yutou.restaurant-locator";
				PRODUCT_NAME = "$(TARGET_NAME)";
				SWIFT_VERSION = 3.0;
			};
			name = Debug;
		};
		65ADFF001F35AEC800CB0A45 /* Release */ = {
			isa = XCBuildConfiguration;
			baseConfigurationReference = DB3DAB1A65DE1C8F40F38FE1 /* Pods-restaurant-locator.release.xcconfig */;
			buildSettings = {
				ASSETCATALOG_COMPILER_APPICON_NAME = AppIcon;
				DEVELOPMENT_TEAM = DPWDASQ472;
				INFOPLIST_FILE = "restaurant-locator/Info.plist";
				IPHONEOS_DEPLOYMENT_TARGET = 10.0;
				LD_RUNPATH_SEARCH_PATHS = "$(inherited) @executable_path/Frameworks";
				PRODUCT_BUNDLE_IDENTIFIER = "in.yutou.restaurant-locator";
				PRODUCT_NAME = "$(TARGET_NAME)";
				SWIFT_VERSION = 3.0;
			};
			name = Release;
		};
		65ADFF021F35AEC800CB0A45 /* Debug */ = {
			isa = XCBuildConfiguration;
			buildSettings = {
				ALWAYS_EMBED_SWIFT_STANDARD_LIBRARIES = YES;
				BUNDLE_LOADER = "$(TEST_HOST)";
				DEVELOPMENT_TEAM = DPWDASQ472;
				INFOPLIST_FILE = "restaurant-locatorTests/Info.plist";
				LD_RUNPATH_SEARCH_PATHS = "$(inherited) @executable_path/Frameworks @loader_path/Frameworks";
				PRODUCT_BUNDLE_IDENTIFIER = "in.yutou.restaurant-locatorTests";
				PRODUCT_NAME = "$(TARGET_NAME)";
				SWIFT_VERSION = 3.0;
				TEST_HOST = "$(BUILT_PRODUCTS_DIR)/restaurant-locator.app/restaurant-locator";
			};
			name = Debug;
		};
		65ADFF031F35AEC800CB0A45 /* Release */ = {
			isa = XCBuildConfiguration;
			buildSettings = {
				ALWAYS_EMBED_SWIFT_STANDARD_LIBRARIES = YES;
				BUNDLE_LOADER = "$(TEST_HOST)";
				DEVELOPMENT_TEAM = DPWDASQ472;
				INFOPLIST_FILE = "restaurant-locatorTests/Info.plist";
				LD_RUNPATH_SEARCH_PATHS = "$(inherited) @executable_path/Frameworks @loader_path/Frameworks";
				PRODUCT_BUNDLE_IDENTIFIER = "in.yutou.restaurant-locatorTests";
				PRODUCT_NAME = "$(TARGET_NAME)";
				SWIFT_VERSION = 3.0;
				TEST_HOST = "$(BUILT_PRODUCTS_DIR)/restaurant-locator.app/restaurant-locator";
			};
			name = Release;
		};
/* End XCBuildConfiguration section */

/* Begin XCConfigurationList section */
		65ADFEDA1F35AEC800CB0A45 /* Build configuration list for PBXProject "restaurant-locator" */ = {
			isa = XCConfigurationList;
			buildConfigurations = (
				65ADFEFC1F35AEC800CB0A45 /* Debug */,
				65ADFEFD1F35AEC800CB0A45 /* Release */,
			);
			defaultConfigurationIsVisible = 0;
			defaultConfigurationName = Release;
		};
		65ADFEFE1F35AEC800CB0A45 /* Build configuration list for PBXNativeTarget "restaurant-locator" */ = {
			isa = XCConfigurationList;
			buildConfigurations = (
				65ADFEFF1F35AEC800CB0A45 /* Debug */,
				65ADFF001F35AEC800CB0A45 /* Release */,
			);
			defaultConfigurationIsVisible = 0;
			defaultConfigurationName = Release;
		};
		65ADFF011F35AEC800CB0A45 /* Build configuration list for PBXNativeTarget "restaurant-locatorTests" */ = {
			isa = XCConfigurationList;
			buildConfigurations = (
				65ADFF021F35AEC800CB0A45 /* Debug */,
				65ADFF031F35AEC800CB0A45 /* Release */,
			);
			defaultConfigurationIsVisible = 0;
			defaultConfigurationName = Release;
		};
/* End XCConfigurationList section */

/* Begin XCVersionGroup section */
		65D79FCE1F4166F200E377E9 /* restaurant.xcdatamodeld */ = {
			isa = XCVersionGroup;
			children = (
				65D79FCF1F4166F200E377E9 /* restaurant.xcdatamodel */,
			);
			currentVersion = 65D79FCF1F4166F200E377E9 /* restaurant.xcdatamodel */;
			path = restaurant.xcdatamodeld;
			sourceTree = "<group>";
			versionGroupType = wrapper.xcdatamodel;
		};
/* End XCVersionGroup section */
	};
	rootObject = 65ADFED71F35AEC800CB0A45 /* Project object */;
}
